Microsoft Visual Studio Solution File, Format Version 12.00
# Visual Studio Version 17
VisualStudioVersion = 17.5.2.0
MinimumVisualStudioVersion = 10.0.40219.1
Project("{FAE04EC0-301F-11D3-BF4B-00C04F79EFBC}") = "Projeto.Barber.Api", "backend\Projeto.Barber.Api.csproj", "{3DAB6A46-FBDF-BE3C-C6D7-5421D5348BB2}"
EndProject
Project("{2150E333-8FDC-42A3-9474-1A3956D46DE8}") = "backend-patch", "backend-patch", "{130A94E3-9507-563D-B82E-EF8D1CAF736A}"
EndProject
Project("{FAE04EC0-301F-11D3-BF4B-00C04F79EFBC}") = "Projeto.Barber.Api.Tests", "backend-patch\tests\Projeto.Barber.Api.Tests.csproj", "{0C8A7A1F-6713-44BE-23E7-53246D6F4B63}"
EndProject
Global
	GlobalSection(SolutionConfigurationPlatforms) = preSolution
		Debug|Any CPU = Debug|Any CPU
		Release|Any CPU = Release|Any CPU
	EndGlobalSection
	GlobalSection(ProjectConfigurationPlatforms) = postSolution
		{3DAB6A46-FBDF-BE3C-C6D7-5421D5348BB2}.Debug|Any CPU.ActiveCfg = Debug|Any CPU
		{3DAB6A46-FBDF-BE3C-C6D7-5421D5348BB2}.Debug|Any CPU.Build.0 = Debug|Any CPU
		{3DAB6A46-FBDF-BE3C-C6D7-5421D5348BB2}.Release|Any CPU.ActiveCfg = Release|Any CPU
		{3DAB6A46-FBDF-BE3C-C6D7-5421D5348BB2}.Release|Any CPU.Build.0 = Release|Any CPU
		{0C8A7A1F-6713-44BE-23E7-53246D6F4B63}.Debug|Any CPU.ActiveCfg = Debug|Any CPU
		{0C8A7A1F-6713-44BE-23E7-53246D6F4B63}.Debug|Any CPU.Build.0 = Debug|Any CPU
		{0C8A7A1F-6713-44BE-23E7-53246D6F4B63}.Release|Any CPU.ActiveCfg = Release|Any CPU
		{0C8A7A1F-6713-44BE-23E7-53246D6F4B63}.Release|Any CPU.Build.0 = Release|Any CPU
	EndGlobalSection
	GlobalSection(SolutionProperties) = preSolution
		HideSolutionNode = FALSE
	EndGlobalSection
	GlobalSection(NestedProjects) = preSolution
		{0C8A7A1F-6713-44BE-23E7-53246D6F4B63} = {130A94E3-9507-563D-B82E-EF8D1CAF736A}
	EndGlobalSection
	GlobalSection(ExtensibilityGlobals) = postSolution
		SolutionGuid = {3A3FD3C4-1C26-4186-84AD-897399142562}
	EndGlobalSection
EndGlobal
